<?xml version="1.0" encoding="utf-8"?>
<Project ToolsVersion="4.0" xmlns="http://schemas.microsoft.com/developer/msbuild/2003">
  <ItemGroup>
    <Filter Include="源文件">
      <UniqueIdentifier>{4FC737F1-C7A5-4376-A066-2A32D752A2FF}</UniqueIdentifier>
      <Extensions>cpp;c;cc;cxx;def;odl;idl;hpj;bat;asm;asmx</Extensions>
    </Filter>
    <Filter Include="头文件">
      <UniqueIdentifier>{93995380-89BD-4b04-88EB-625FBE52EBFB}</UniqueIdentifier>
      <Extensions>h;hh;hpp;hxx;hm;inl;inc;xsd</Extensions>
    </Filter>
    <Filter Include="资源文件">
      <UniqueIdentifier>{67DA6AB6-F800-4c08-8B7A-83BB121AAD01}</UniqueIdentifier>
      <Extensions>rc;ico;cur;bmp;dlg;rc2;rct;bin;rgs;gif;jpg;jpeg;jpe;resx;tiff;tif;png;wav;mfcribbon-ms</Extensions>
    </Filter>
    <Filter Include="app">
      <UniqueIdentifier>{f56bdd9c-7dec-4611-8e10-57b9ca28c6b2}</UniqueIdentifier>
    </Filter>
    <Filter Include="app\base">
      <UniqueIdentifier>{50d4089e-41b8-4bf0-8f66-6f9992808b01}</UniqueIdentifier>
    </Filter>
    <Filter Include="app\shaders">
      <UniqueIdentifier>{8468231d-c755-4671-b10d-4690256057c0}</UniqueIdentifier>
    </Filter>
    <Filter Include="app\fx">
      <UniqueIdentifier>{81344c50-401e-491c-aa32-8e4a176f2472}</UniqueIdentifier>
    </Filter>
    <Filter Include="app\models">
      <UniqueIdentifier>{022455ab-0a99-443c-a812-5fa1e737cd3c}</UniqueIdentifier>
    </Filter>
  </ItemGroup>
  <ItemGroup>
    <Text Include="ReadMe.txt" />
  </ItemGroup>
  <ItemGroup>
    <ClInclude Include="stdafx.h">
      <Filter>头文件</Filter>
    </ClInclude>
    <ClInclude Include="targetver.h">
      <Filter>头文件</Filter>
    </ClInclude>
    <ClInclude Include="Resource.h">
      <Filter>头文件</Filter>
    </ClInclude>
    <ClInclude Include="CFGame.h">
      <Filter>头文件</Filter>
    </ClInclude>
    <ClInclude Include="base\Camera.h">
      <Filter>app\base</Filter>
    </ClInclude>
    <ClInclude Include="base\D3DApp.h">
      <Filter>app\base</Filter>
    </ClInclude>
    <ClInclude Include="base\d3dUtil.h">
      <Filter>app\base</Filter>
    </ClInclude>
    <ClInclude Include="base\d3dx11effect.h">
      <Filter>app\base</Filter>
    </ClInclude>
    <ClInclude Include="base\LightHelper.h">
      <Filter>app\base</Filter>
    </ClInclude>
    <ClInclude Include="base\MathHelper.h">
      <Filter>app\base</Filter>
    </ClInclude>
    <ClInclude Include="base\GameTimer.h">
      <Filter>app\base</Filter>
    </ClInclude>
    <ClInclude Include="CFApp.h">
      <Filter>app</Filter>
    </ClInclude>
    <ClInclude Include="models\Cube.h">
      <Filter>app\models</Filter>
    </ClInclude>
    <ClInclude Include="models\BaseModel.h">
      <Filter>app\models</Filter>
    </ClInclude>
    <ClInclude Include="base\BaseEffect.h">
      <Filter>app\base</Filter>
    </ClInclude>
    <ClInclude Include="base\TestEffect.h">
      <Filter>app\base</Filter>
    </ClInclude>
  </ItemGroup>
  <ItemGroup>
    <ClCompile Include="stdafx.cpp">
      <Filter>源文件</Filter>
    </ClCompile>
    <ClCompile Include="CFGame.cpp">
      <Filter>源文件</Filter>
    </ClCompile>
    <ClCompile Include="base\Camera.cpp">
      <Filter>app\base</Filter>
    </ClCompile>
    <ClCompile Include="base\D3DApp.cpp">
      <Filter>app\base</Filter>
    </ClCompile>
    <ClCompile Include="base\d3dUtil.cpp">
      <Filter>app\base</Filter>
    </ClCompile>
    <ClCompile Include="base\LightHelper.cpp">
      <Filter>app\base</Filter>
    </ClCompile>
    <ClCompile Include="base\MathHelper.cpp">
      <Filter>app\base</Filter>
    </ClCompile>
    <ClCompile Include="base\GameTimer.cpp">
      <Filter>app\base</Filter>
    </ClCompile>
    <ClCompile Include="CFApp.cpp">
      <Filter>app</Filter>
    </ClCompile>
    <ClCompile Include="models\Cube.cpp">
      <Filter>app\models</Filter>
    </ClCompile>
    <ClCompile Include="models\BaseModel.cpp">
      <Filter>app\models</Filter>
    </ClCompile>
    <ClCompile Include="base\BaseEffect.cpp">
      <Filter>app\base</Filter>
    </ClCompile>
    <ClCompile Include="base\TestEffect.cpp">
      <Filter>app\base</Filter>
    </ClCompile>
  </ItemGroup>
  <ItemGroup>
    <ResourceCompile Include="CFGame.rc">
      <Filter>资源文件</Filter>
    </ResourceCompile>
  </ItemGroup>
  <ItemGroup>
    <Image Include="small.ico">
      <Filter>资源文件</Filter>
    </Image>
    <Image Include="CFGame.ico">
      <Filter>资源文件</Filter>
    </Image>
  </ItemGroup>
  <ItemGroup>
    <Library Include="base\Effects11.lib">
      <Filter>app\base</Filter>
    </Library>
    <Library Include="base\Effects11d.lib">
      <Filter>app\base</Filter>
    </Library>
  </ItemGroup>
  <ItemGroup>
    <FxCompile Include="fx\Basic.fx">
      <Filter>app\fx</Filter>
    </FxCompile>
    <FxCompile Include="fx\LightHelper.fx">
      <Filter>app\fx</Filter>
    </FxCompile>
  </ItemGroup>
</Project>